
Microsoft Visual Studio Solution File, Format Version 12.00
# Visual Studio Version 17
VisualStudioVersion = 17.7.34024.191
MinimumVisualStudioVersion = 10.0.40219.1
Project("{8BC9CEB8-8B4A-11D0-8D11-00A0C91BC942}") = "05", "05.vcxproj", "{83FA2456-6D84-4FB3-9308-3201B008CAB6}"
EndProject
Global
	GlobalSection(SolutionConfigurationPlatforms) = preSolution
		Debug|x64 = Debug|x64
		Debug|x86 = Debug|x86
		Release|x64 = Release|x64
		Release|x86 = Release|x86
	EndGlobalSection
	GlobalSection(ProjectConfigurationPlatforms) = postSolution
		{83FA2456-6D84-4FB3-9308-3201B008CAB6}.Debug|x64.ActiveCfg = Debug|x64
		{83FA2456-6D84-4FB3-9308-3201B008CAB6}.Debug|x64.Build.0 = Debug|x64
		{83FA2456-6D84-4FB3-9308-3201B008CAB6}.Debug|x86.ActiveCfg = Debug|Win32
		{83FA2456-6D84-4FB3-9308-3201B008CAB6}.Debug|x86.Build.0 = Debug|Win32
		{83FA2456-6D84-4FB3-9308-3201B008CAB6}.Release|x64.ActiveCfg = Release|x64
		{83FA2456-6D84-4FB3-9308-3201B008CAB6}.Release|x64.Build.0 = Release|x64
		{83FA2456-6D84-4FB3-9308-3201B008CAB6}.Release|x86.ActiveCfg = Release|Win32
		{83FA2456-6D84-4FB3-9308-3201B008CAB6}.Release|x86.Build.0 = Release|Win32
	EndGlobalSection
	GlobalSection(SolutionProperties) = preSolution
		HideSolutionNode = FALSE
	EndGlobalSection
	GlobalSection(ExtensibilityGlobals) = postSolution
		SolutionGuid = {7DC156DD-CB6A-474D-B398-699396C2D4B7}
	EndGlobalSection
EndGlobal
