
Microsoft Visual Studio Solution File, Format Version 12.00
# Visual Studio Version 17
VisualStudioVersion = 17.7.34024.191
MinimumVisualStudioVersion = 10.0.40219.1
Project("{8BC9CEB8-8B4A-11D0-8D11-00A0C91BC942}") = "01", "01\01.vcxproj", "{262CA789-5049-4350-B552-DE34E9EC7672}"
EndProject
Project("{8BC9CEB8-8B4A-11D0-8D11-00A0C91BC942}") = "02", "02\02.vcxproj", "{A76B7ADB-9457-4143-ADA5-B7970D35692B}"
EndProject
Project("{8BC9CEB8-8B4A-11D0-8D11-00A0C91BC942}") = "03", "03\03.vcxproj", "{E2FD7713-E1DE-4375-9B79-464C5BFC9A8F}"
EndProject
Project("{8BC9CEB8-8B4A-11D0-8D11-00A0C91BC942}") = "04", "04\04.vcxproj", "{E0F4142A-B8C3-4586-AF90-D7E004BD2D17}"
EndProject
Project("{8BC9CEB8-8B4A-11D0-8D11-00A0C91BC942}") = "05", "05\05.vcxproj", "{7F59EE5F-BBE5-4F02-8BEE-85007910885A}"
EndProject
Project("{8BC9CEB8-8B4A-11D0-8D11-00A0C91BC942}") = "06", "06\06.vcxproj", "{48E45CD3-F76B-41C2-A560-B977921D534A}"
EndProject
Project("{8BC9CEB8-8B4A-11D0-8D11-00A0C91BC942}") = "07", "07\07.vcxproj", "{A8EC04FC-4AC7-4D0E-9549-10C6CA73F403}"
EndProject
Project("{8BC9CEB8-8B4A-11D0-8D11-00A0C91BC942}") = "08", "08\08.vcxproj", "{8B454343-0C39-4B88-98D0-63A17ADB00C0}"
EndProject
Global
	GlobalSection(SolutionConfigurationPlatforms) = preSolution
		Debug|x64 = Debug|x64
		Debug|x86 = Debug|x86
		Release|x64 = Release|x64
		Release|x86 = Release|x86
	EndGlobalSection
	GlobalSection(ProjectConfigurationPlatforms) = postSolution
		{262CA789-5049-4350-B552-DE34E9EC7672}.Debug|x64.ActiveCfg = Debug|x64
		{262CA789-5049-4350-B552-DE34E9EC7672}.Debug|x64.Build.0 = Debug|x64
		{262CA789-5049-4350-B552-DE34E9EC7672}.Debug|x86.ActiveCfg = Debug|Win32
		{262CA789-5049-4350-B552-DE34E9EC7672}.Debug|x86.Build.0 = Debug|Win32
		{262CA789-5049-4350-B552-DE34E9EC7672}.Release|x64.ActiveCfg = Release|x64
		{262CA789-5049-4350-B552-DE34E9EC7672}.Release|x64.Build.0 = Release|x64
		{262CA789-5049-4350-B552-DE34E9EC7672}.Release|x86.ActiveCfg = Release|Win32
		{262CA789-5049-4350-B552-DE34E9EC7672}.Release|x86.Build.0 = Release|Win32
		{A76B7ADB-9457-4143-ADA5-B7970D35692B}.Debug|x64.ActiveCfg = Debug|x64
		{A76B7ADB-9457-4143-ADA5-B7970D35692B}.Debug|x64.Build.0 = Debug|x64
		{A76B7ADB-9457-4143-ADA5-B7970D35692B}.Debug|x86.ActiveCfg = Debug|Win32
		{A76B7ADB-9457-4143-ADA5-B7970D35692B}.Debug|x86.Build.0 = Debug|Win32
		{A76B7ADB-9457-4143-ADA5-B7970D35692B}.Release|x64.ActiveCfg = Release|x64
		{A76B7ADB-9457-4143-ADA5-B7970D35692B}.Release|x64.Build.0 = Release|x64
		{A76B7ADB-9457-4143-ADA5-B7970D35692B}.Release|x86.ActiveCfg = Release|Win32
		{A76B7ADB-9457-4143-ADA5-B7970D35692B}.Release|x86.Build.0 = Release|Win32
		{E2FD7713-E1DE-4375-9B79-464C5BFC9A8F}.Debug|x64.ActiveCfg = Debug|x64
		{E2FD7713-E1DE-4375-9B79-464C5BFC9A8F}.Debug|x64.Build.0 = Debug|x64
		{E2FD7713-E1DE-4375-9B79-464C5BFC9A8F}.Debug|x86.ActiveCfg = Debug|Win32
		{E2FD7713-E1DE-4375-9B79-464C5BFC9A8F}.Debug|x86.Build.0 = Debug|Win32
		{E2FD7713-E1DE-4375-9B79-464C5BFC9A8F}.Release|x64.ActiveCfg = Release|x64
		{E2FD7713-E1DE-4375-9B79-464C5BFC9A8F}.Release|x64.Build.0 = Release|x64
		{E2FD7713-E1DE-4375-9B79-464C5BFC9A8F}.Release|x86.ActiveCfg = Release|Win32
		{E2FD7713-E1DE-4375-9B79-464C5BFC9A8F}.Release|x86.Build.0 = Release|Win32
		{E0F4142A-B8C3-4586-AF90-D7E004BD2D17}.Debug|x64.ActiveCfg = Debug|x64
		{E0F4142A-B8C3-4586-AF90-D7E004BD2D17}.Debug|x64.Build.0 = Debug|x64
		{E0F4142A-B8C3-4586-AF90-D7E004BD2D17}.Debug|x86.ActiveCfg = Debug|Win32
		{E0F4142A-B8C3-4586-AF90-D7E004BD2D17}.Debug|x86.Build.0 = Debug|Win32
		{E0F4142A-B8C3-4586-AF90-D7E004BD2D17}.Release|x64.ActiveCfg = Release|x64
		{E0F4142A-B8C3-4586-AF90-D7E004BD2D17}.Release|x64.Build.0 = Release|x64
		{E0F4142A-B8C3-4586-AF90-D7E004BD2D17}.Release|x86.ActiveCfg = Release|Win32
		{E0F4142A-B8C3-4586-AF90-D7E004BD2D17}.Release|x86.Build.0 = Release|Win32
		{7F59EE5F-BBE5-4F02-8BEE-85007910885A}.Debug|x64.ActiveCfg = Debug|x64
		{7F59EE5F-BBE5-4F02-8BEE-85007910885A}.Debug|x64.Build.0 = Debug|x64
		{7F59EE5F-BBE5-4F02-8BEE-85007910885A}.Debug|x86.ActiveCfg = Debug|Win32
		{7F59EE5F-BBE5-4F02-8BEE-85007910885A}.Debug|x86.Build.0 = Debug|Win32
		{7F59EE5F-BBE5-4F02-8BEE-85007910885A}.Release|x64.ActiveCfg = Release|x64
		{7F59EE5F-BBE5-4F02-8BEE-85007910885A}.Release|x64.Build.0 = Release|x64
		{7F59EE5F-BBE5-4F02-8BEE-85007910885A}.Release|x86.ActiveCfg = Release|Win32
		{7F59EE5F-BBE5-4F02-8BEE-85007910885A}.Release|x86.Build.0 = Release|Win32
		{48E45CD3-F76B-41C2-A560-B977921D534A}.Debug|x64.ActiveCfg = Debug|x64
		{48E45CD3-F76B-41C2-A560-B977921D534A}.Debug|x64.Build.0 = Debug|x64
		{48E45CD3-F76B-41C2-A560-B977921D534A}.Debug|x86.ActiveCfg = Debug|Win32
		{48E45CD3-F76B-41C2-A560-B977921D534A}.Debug|x86.Build.0 = Debug|Win32
		{48E45CD3-F76B-41C2-A560-B977921D534A}.Release|x64.ActiveCfg = Release|x64
		{48E45CD3-F76B-41C2-A560-B977921D534A}.Release|x64.Build.0 = Release|x64
		{48E45CD3-F76B-41C2-A560-B977921D534A}.Release|x86.ActiveCfg = Release|Win32
		{48E45CD3-F76B-41C2-A560-B977921D534A}.Release|x86.Build.0 = Release|Win32
		{A8EC04FC-4AC7-4D0E-9549-10C6CA73F403}.Debug|x64.ActiveCfg = Debug|x64
		{A8EC04FC-4AC7-4D0E-9549-10C6CA73F403}.Debug|x64.Build.0 = Debug|x64
		{A8EC04FC-4AC7-4D0E-9549-10C6CA73F403}.Debug|x86.ActiveCfg = Debug|Win32
		{A8EC04FC-4AC7-4D0E-9549-10C6CA73F403}.Debug|x86.Build.0 = Debug|Win32
		{A8EC04FC-4AC7-4D0E-9549-10C6CA73F403}.Release|x64.ActiveCfg = Release|x64
		{A8EC04FC-4AC7-4D0E-9549-10C6CA73F403}.Release|x64.Build.0 = Release|x64
		{A8EC04FC-4AC7-4D0E-9549-10C6CA73F403}.Release|x86.ActiveCfg = Release|Win32
		{A8EC04FC-4AC7-4D0E-9549-10C6CA73F403}.Release|x86.Build.0 = Release|Win32
		{8B454343-0C39-4B88-98D0-63A17ADB00C0}.Debug|x64.ActiveCfg = Debug|x64
		{8B454343-0C39-4B88-98D0-63A17ADB00C0}.Debug|x64.Build.0 = Debug|x64
		{8B454343-0C39-4B88-98D0-63A17ADB00C0}.Debug|x86.ActiveCfg = Debug|Win32
		{8B454343-0C39-4B88-98D0-63A17ADB00C0}.Debug|x86.Build.0 = Debug|Win32
		{8B454343-0C39-4B88-98D0-63A17ADB00C0}.Release|x64.ActiveCfg = Release|x64
		{8B454343-0C39-4B88-98D0-63A17ADB00C0}.Release|x64.Build.0 = Release|x64
		{8B454343-0C39-4B88-98D0-63A17ADB00C0}.Release|x86.ActiveCfg = Release|Win32
		{8B454343-0C39-4B88-98D0-63A17ADB00C0}.Release|x86.Build.0 = Release|Win32
	EndGlobalSection
	GlobalSection(SolutionProperties) = preSolution
		HideSolutionNode = FALSE
	EndGlobalSection
	GlobalSection(ExtensibilityGlobals) = postSolution
		SolutionGuid = {37FB657F-88C9-4A68-AD9C-0BBD122DFB94}
	EndGlobalSection
EndGlobal
